
Microsoft Visual Studio Solution File, Format Version 12.00
# Visual Studio Version 16
VisualStudioVersion = 16.0.29403.142
MinimumVisualStudioVersion = 10.0.40219.1
Project("{FAE04EC0-301F-11D3-BF4B-00C04F79EFBC}") = "BackEnd", "BackEnd\BackEnd.csproj", "{25B45C81-19AF-4B05-B7CA-E68A40A2048A}"
EndProject
Project("{FAE04EC0-301F-11D3-BF4B-00C04F79EFBC}") = "DataAccess", "DataAccess\DataAccess.csproj", "{1E19A2C0-5700-4844-96D1-4B8FB0FA8B1F}"
EndProject
Global
	GlobalSection(SolutionConfigurationPlatforms) = preSolution
		Debug|Any CPU = Debug|Any CPU
		Release|Any CPU = Release|Any CPU
	EndGlobalSection
	GlobalSection(ProjectConfigurationPlatforms) = postSolution
		{25B45C81-19AF-4B05-B7CA-E68A40A2048A}.Debug|Any CPU.ActiveCfg = Debug|Any CPU
		{25B45C81-19AF-4B05-B7CA-E68A40A2048A}.Debug|Any CPU.Build.0 = Debug|Any CPU
		{25B45C81-19AF-4B05-B7CA-E68A40A2048A}.Release|Any CPU.ActiveCfg = Release|Any CPU
		{25B45C81-19AF-4B05-B7CA-E68A40A2048A}.Release|Any CPU.Build.0 = Release|Any CPU
		{1E19A2C0-5700-4844-96D1-4B8FB0FA8B1F}.Debug|Any CPU.ActiveCfg = Debug|Any CPU
		{1E19A2C0-5700-4844-96D1-4B8FB0FA8B1F}.Debug|Any CPU.Build.0 = Debug|Any CPU
		{1E19A2C0-5700-4844-96D1-4B8FB0FA8B1F}.Release|Any CPU.ActiveCfg = Release|Any CPU
		{1E19A2C0-5700-4844-96D1-4B8FB0FA8B1F}.Release|Any CPU.Build.0 = Release|Any CPU
	EndGlobalSection
	GlobalSection(SolutionProperties) = preSolution
		HideSolutionNode = FALSE
	EndGlobalSection
	GlobalSection(ExtensibilityGlobals) = postSolution
		SolutionGuid = {761454EE-EC36-453A-802F-1B2C41CE6252}
	EndGlobalSection
EndGlobal
